
Microsoft Visual Studio Solution File, Format Version 12.00
# Visual Studio Version 16
VisualStudioVersion = 16.0.30002.166
MinimumVisualStudioVersion = 10.0.40219.1
Project("{9A19103F-16F7-4668-BE54-9A1E7A4F7556}") = "DatabaseConnectorPostgres", "DatabaseConnectorPostgres\DatabaseConnectorPostgres.csproj", "{895E719B-0EA4-4A0B-A4C4-20F4C93E3406}"
EndProject
Project("{9A19103F-16F7-4668-BE54-9A1E7A4F7556}") = "DbTest", "DbTest\DbTest.csproj", "{46E8B971-51AA-48F5-A76F-25AA2330EAB1}"
EndProject
Project("{2150E333-8FDC-42A3-9474-1A3956D46DE8}") = "Tests", "Tests", "{CB82C227-DD48-4CA3-ABA7-5131CFEF2593}"
EndProject
Project("{2150E333-8FDC-42A3-9474-1A3956D46DE8}") = "DBMonitor", "DBMonitor", "{84C3C8B0-D7DD-486A-AE1B-6E8EF526E37F}"
EndProject
Project("{9A19103F-16F7-4668-BE54-9A1E7A4F7556}") = "DbMonitor", "DbMonitor\DbMonitor.csproj", "{4595C8CC-4FED-42FE-BEAD-CEF7A363E4D5}"
EndProject
Global
	GlobalSection(SolutionConfigurationPlatforms) = preSolution
		Debug|Any CPU = Debug|Any CPU
		Debug|iPhone = Debug|iPhone
		Debug|iPhoneSimulator = Debug|iPhoneSimulator
		Release|Any CPU = Release|Any CPU
		Release|iPhone = Release|iPhone
		Release|iPhoneSimulator = Release|iPhoneSimulator
	EndGlobalSection
	GlobalSection(ProjectConfigurationPlatforms) = postSolution
		{895E719B-0EA4-4A0B-A4C4-20F4C93E3406}.Debug|Any CPU.ActiveCfg = Debug|Any CPU
		{895E719B-0EA4-4A0B-A4C4-20F4C93E3406}.Debug|Any CPU.Build.0 = Debug|Any CPU
		{895E719B-0EA4-4A0B-A4C4-20F4C93E3406}.Debug|iPhone.ActiveCfg = Debug|Any CPU
		{895E719B-0EA4-4A0B-A4C4-20F4C93E3406}.Debug|iPhone.Build.0 = Debug|Any CPU
		{895E719B-0EA4-4A0B-A4C4-20F4C93E3406}.Debug|iPhoneSimulator.ActiveCfg = Debug|Any CPU
		{895E719B-0EA4-4A0B-A4C4-20F4C93E3406}.Debug|iPhoneSimulator.Build.0 = Debug|Any CPU
		{895E719B-0EA4-4A0B-A4C4-20F4C93E3406}.Release|Any CPU.ActiveCfg = Release|Any CPU
		{895E719B-0EA4-4A0B-A4C4-20F4C93E3406}.Release|Any CPU.Build.0 = Release|Any CPU
		{895E719B-0EA4-4A0B-A4C4-20F4C93E3406}.Release|iPhone.ActiveCfg = Release|Any CPU
		{895E719B-0EA4-4A0B-A4C4-20F4C93E3406}.Release|iPhone.Build.0 = Release|Any CPU
		{895E719B-0EA4-4A0B-A4C4-20F4C93E3406}.Release|iPhoneSimulator.ActiveCfg = Release|Any CPU
		{895E719B-0EA4-4A0B-A4C4-20F4C93E3406}.Release|iPhoneSimulator.Build.0 = Release|Any CPU
		{46E8B971-51AA-48F5-A76F-25AA2330EAB1}.Debug|Any CPU.ActiveCfg = Debug|Any CPU
		{46E8B971-51AA-48F5-A76F-25AA2330EAB1}.Debug|Any CPU.Build.0 = Debug|Any CPU
		{46E8B971-51AA-48F5-A76F-25AA2330EAB1}.Debug|iPhone.ActiveCfg = Debug|Any CPU
		{46E8B971-51AA-48F5-A76F-25AA2330EAB1}.Debug|iPhone.Build.0 = Debug|Any CPU
		{46E8B971-51AA-48F5-A76F-25AA2330EAB1}.Debug|iPhoneSimulator.ActiveCfg = Debug|Any CPU
		{46E8B971-51AA-48F5-A76F-25AA2330EAB1}.Debug|iPhoneSimulator.Build.0 = Debug|Any CPU
		{46E8B971-51AA-48F5-A76F-25AA2330EAB1}.Release|Any CPU.ActiveCfg = Release|Any CPU
		{46E8B971-51AA-48F5-A76F-25AA2330EAB1}.Release|Any CPU.Build.0 = Release|Any CPU
		{46E8B971-51AA-48F5-A76F-25AA2330EAB1}.Release|iPhone.ActiveCfg = Release|Any CPU
		{46E8B971-51AA-48F5-A76F-25AA2330EAB1}.Release|iPhone.Build.0 = Release|Any CPU
		{46E8B971-51AA-48F5-A76F-25AA2330EAB1}.Release|iPhoneSimulator.ActiveCfg = Release|Any CPU
		{46E8B971-51AA-48F5-A76F-25AA2330EAB1}.Release|iPhoneSimulator.Build.0 = Release|Any CPU
		{4595C8CC-4FED-42FE-BEAD-CEF7A363E4D5}.Debug|Any CPU.ActiveCfg = Debug|Any CPU
		{4595C8CC-4FED-42FE-BEAD-CEF7A363E4D5}.Debug|Any CPU.Build.0 = Debug|Any CPU
		{4595C8CC-4FED-42FE-BEAD-CEF7A363E4D5}.Debug|iPhone.ActiveCfg = Debug|Any CPU
		{4595C8CC-4FED-42FE-BEAD-CEF7A363E4D5}.Debug|iPhone.Build.0 = Debug|Any CPU
		{4595C8CC-4FED-42FE-BEAD-CEF7A363E4D5}.Debug|iPhoneSimulator.ActiveCfg = Debug|Any CPU
		{4595C8CC-4FED-42FE-BEAD-CEF7A363E4D5}.Debug|iPhoneSimulator.Build.0 = Debug|Any CPU
		{4595C8CC-4FED-42FE-BEAD-CEF7A363E4D5}.Release|Any CPU.ActiveCfg = Release|Any CPU
		{4595C8CC-4FED-42FE-BEAD-CEF7A363E4D5}.Release|Any CPU.Build.0 = Release|Any CPU
		{4595C8CC-4FED-42FE-BEAD-CEF7A363E4D5}.Release|iPhone.ActiveCfg = Release|Any CPU
		{4595C8CC-4FED-42FE-BEAD-CEF7A363E4D5}.Release|iPhone.Build.0 = Release|Any CPU
		{4595C8CC-4FED-42FE-BEAD-CEF7A363E4D5}.Release|iPhoneSimulator.ActiveCfg = Release|Any CPU
		{4595C8CC-4FED-42FE-BEAD-CEF7A363E4D5}.Release|iPhoneSimulator.Build.0 = Release|Any CPU
	EndGlobalSection
	GlobalSection(SolutionProperties) = preSolution
		HideSolutionNode = FALSE
	EndGlobalSection
	GlobalSection(NestedProjects) = preSolution
		{46E8B971-51AA-48F5-A76F-25AA2330EAB1} = {CB82C227-DD48-4CA3-ABA7-5131CFEF2593}
		{4595C8CC-4FED-42FE-BEAD-CEF7A363E4D5} = {84C3C8B0-D7DD-486A-AE1B-6E8EF526E37F}
	EndGlobalSection
	GlobalSection(ExtensibilityGlobals) = postSolution
		SolutionGuid = {C9DE88B9-5786-4D49-90E8-DEB2483DB08C}
	EndGlobalSection
EndGlobal
